
Microsoft Visual Studio Solution File, Format Version 12.00
# Visual Studio Version 16
VisualStudioVersion = 16.0.30114.105
MinimumVisualStudioVersion = 10.0.40219.1
Project("{FAE04EC0-301F-11D3-BF4B-00C04F79EFBC}") = "Alten.API", "Alten.API\Alten.API.csproj", "{138C3C27-AC12-4C34-A8DF-33DEFBA335D9}"
EndProject
Project("{FAE04EC0-301F-11D3-BF4B-00C04F79EFBC}") = "Alten.API.Tests", "Alten.API.Tests\Alten.API.Tests.csproj", "{26356F29-0CFF-4890-88D4-0A284F484576}"
EndProject
Global
	GlobalSection(SolutionConfigurationPlatforms) = preSolution
		Debug|Any CPU = Debug|Any CPU
		Release|Any CPU = Release|Any CPU
	EndGlobalSection
	GlobalSection(SolutionProperties) = preSolution
		HideSolutionNode = FALSE
	EndGlobalSection
	GlobalSection(ProjectConfigurationPlatforms) = postSolution
		{138C3C27-AC12-4C34-A8DF-33DEFBA335D9}.Debug|Any CPU.ActiveCfg = Debug|Any CPU
		{138C3C27-AC12-4C34-A8DF-33DEFBA335D9}.Debug|Any CPU.Build.0 = Debug|Any CPU
		{138C3C27-AC12-4C34-A8DF-33DEFBA335D9}.Release|Any CPU.ActiveCfg = Release|Any CPU
		{138C3C27-AC12-4C34-A8DF-33DEFBA335D9}.Release|Any CPU.Build.0 = Release|Any CPU
		{26356F29-0CFF-4890-88D4-0A284F484576}.Debug|Any CPU.ActiveCfg = Debug|Any CPU
		{26356F29-0CFF-4890-88D4-0A284F484576}.Debug|Any CPU.Build.0 = Debug|Any CPU
		{26356F29-0CFF-4890-88D4-0A284F484576}.Release|Any CPU.ActiveCfg = Release|Any CPU
		{26356F29-0CFF-4890-88D4-0A284F484576}.Release|Any CPU.Build.0 = Release|Any CPU
	EndGlobalSection
EndGlobal
